
Microsoft Visual Studio Solution File, Format Version 12.00
Project("{2150E333-8FDC-42A3-9474-1A3956D46DE8}") = "Server", "Server", "{25C36D68-AA2B-425A-A7D3-2B75722FECA4}"
EndProject
Project("{FAE04EC0-301F-11D3-BF4B-00C04F79EFBC}") = "Entities", "Entities\Entities.csproj", "{83590E6D-553D-458F-9D77-FD4D258CBE26}"
EndProject
Project("{FAE04EC0-301F-11D3-BF4B-00C04F79EFBC}") = "RepositoryContracts", "RepositoryContracts\RepositoryContracts.csproj", "{F4C96E71-E684-407B-895C-9240524AFF08}"
EndProject
Project("{FAE04EC0-301F-11D3-BF4B-00C04F79EFBC}") = "CLI", "CLI\CLI.csproj", "{A9E26FA3-AE47-4128-8F7E-BA9905611EEB}"
EndProject
Project("{FAE04EC0-301F-11D3-BF4B-00C04F79EFBC}") = "FileRepositories", "FileRepositories\FileRepositories.csproj", "{4325C576-F7E6-44AF-BB98-69897AA595FA}"
EndProject
Project("{2150E333-8FDC-42A3-9474-1A3956D46DE8}") = "Shared", "Shared", "{0CC59EE8-8E60-449B-9F78-B88EB3A750A5}"
EndProject
Project("{FAE04EC0-301F-11D3-BF4B-00C04F79EFBC}") = "ApiContracts", "ApiContracts\ApiContracts.csproj", "{3A503C94-54D6-4441-B0C1-B1C95B4C27AE}"
EndProject
Project("{FAE04EC0-301F-11D3-BF4B-00C04F79EFBC}") = "WebApi", "WebApi\WebApi.csproj", "{939BA050-F195-4CE1-8979-834D9FF6D199}"
EndProject
Project("{2150E333-8FDC-42A3-9474-1A3956D46DE8}") = "Client", "Client", "{358CD805-EBCD-40CA-B948-A8732291CF26}"
EndProject
Project("{FAE04EC0-301F-11D3-BF4B-00C04F79EFBC}") = "BlazorApp", "BlazorApp\BlazorApp.csproj", "{0DDB7D84-3A8C-4C38-BBCC-9F661CBA54BB}"
EndProject
Project("{FAE04EC0-301F-11D3-BF4B-00C04F79EFBC}") = "EFCRepositories", "EFCRepositories\EFCRepositories.csproj", "{ECD44FF1-9869-4B31-A621-C53F9D7A2F4A}"
EndProject
Global
	GlobalSection(SolutionConfigurationPlatforms) = preSolution
		Debug|Any CPU = Debug|Any CPU
		Release|Any CPU = Release|Any CPU
	EndGlobalSection
	GlobalSection(NestedProjects) = preSolution
		{83590E6D-553D-458F-9D77-FD4D258CBE26} = {25C36D68-AA2B-425A-A7D3-2B75722FECA4}
		{F4C96E71-E684-407B-895C-9240524AFF08} = {25C36D68-AA2B-425A-A7D3-2B75722FECA4}
		{A9E26FA3-AE47-4128-8F7E-BA9905611EEB} = {25C36D68-AA2B-425A-A7D3-2B75722FECA4}
		{4325C576-F7E6-44AF-BB98-69897AA595FA} = {25C36D68-AA2B-425A-A7D3-2B75722FECA4}
		{3A503C94-54D6-4441-B0C1-B1C95B4C27AE} = {0CC59EE8-8E60-449B-9F78-B88EB3A750A5}
		{939BA050-F195-4CE1-8979-834D9FF6D199} = {25C36D68-AA2B-425A-A7D3-2B75722FECA4}
		{0DDB7D84-3A8C-4C38-BBCC-9F661CBA54BB} = {358CD805-EBCD-40CA-B948-A8732291CF26}
		{ECD44FF1-9869-4B31-A621-C53F9D7A2F4A} = {25C36D68-AA2B-425A-A7D3-2B75722FECA4}
	EndGlobalSection
	GlobalSection(ProjectConfigurationPlatforms) = postSolution
		{83590E6D-553D-458F-9D77-FD4D258CBE26}.Debug|Any CPU.ActiveCfg = Debug|Any CPU
		{83590E6D-553D-458F-9D77-FD4D258CBE26}.Debug|Any CPU.Build.0 = Debug|Any CPU
		{83590E6D-553D-458F-9D77-FD4D258CBE26}.Release|Any CPU.ActiveCfg = Release|Any CPU
		{83590E6D-553D-458F-9D77-FD4D258CBE26}.Release|Any CPU.Build.0 = Release|Any CPU
		{F4C96E71-E684-407B-895C-9240524AFF08}.Debug|Any CPU.ActiveCfg = Debug|Any CPU
		{F4C96E71-E684-407B-895C-9240524AFF08}.Debug|Any CPU.Build.0 = Debug|Any CPU
		{F4C96E71-E684-407B-895C-9240524AFF08}.Release|Any CPU.ActiveCfg = Release|Any CPU
		{F4C96E71-E684-407B-895C-9240524AFF08}.Release|Any CPU.Build.0 = Release|Any CPU
		{A9E26FA3-AE47-4128-8F7E-BA9905611EEB}.Debug|Any CPU.ActiveCfg = Debug|Any CPU
		{A9E26FA3-AE47-4128-8F7E-BA9905611EEB}.Debug|Any CPU.Build.0 = Debug|Any CPU
		{A9E26FA3-AE47-4128-8F7E-BA9905611EEB}.Release|Any CPU.ActiveCfg = Release|Any CPU
		{A9E26FA3-AE47-4128-8F7E-BA9905611EEB}.Release|Any CPU.Build.0 = Release|Any CPU
		{4325C576-F7E6-44AF-BB98-69897AA595FA}.Debug|Any CPU.ActiveCfg = Debug|Any CPU
		{4325C576-F7E6-44AF-BB98-69897AA595FA}.Debug|Any CPU.Build.0 = Debug|Any CPU
		{4325C576-F7E6-44AF-BB98-69897AA595FA}.Release|Any CPU.ActiveCfg = Release|Any CPU
		{4325C576-F7E6-44AF-BB98-69897AA595FA}.Release|Any CPU.Build.0 = Release|Any CPU
		{3A503C94-54D6-4441-B0C1-B1C95B4C27AE}.Debug|Any CPU.ActiveCfg = Debug|Any CPU
		{3A503C94-54D6-4441-B0C1-B1C95B4C27AE}.Debug|Any CPU.Build.0 = Debug|Any CPU
		{3A503C94-54D6-4441-B0C1-B1C95B4C27AE}.Release|Any CPU.ActiveCfg = Release|Any CPU
		{3A503C94-54D6-4441-B0C1-B1C95B4C27AE}.Release|Any CPU.Build.0 = Release|Any CPU
		{939BA050-F195-4CE1-8979-834D9FF6D199}.Debug|Any CPU.ActiveCfg = Debug|Any CPU
		{939BA050-F195-4CE1-8979-834D9FF6D199}.Debug|Any CPU.Build.0 = Debug|Any CPU
		{939BA050-F195-4CE1-8979-834D9FF6D199}.Release|Any CPU.ActiveCfg = Release|Any CPU
		{939BA050-F195-4CE1-8979-834D9FF6D199}.Release|Any CPU.Build.0 = Release|Any CPU
		{0DDB7D84-3A8C-4C38-BBCC-9F661CBA54BB}.Debug|Any CPU.ActiveCfg = Debug|Any CPU
		{0DDB7D84-3A8C-4C38-BBCC-9F661CBA54BB}.Debug|Any CPU.Build.0 = Debug|Any CPU
		{0DDB7D84-3A8C-4C38-BBCC-9F661CBA54BB}.Release|Any CPU.ActiveCfg = Release|Any CPU
		{0DDB7D84-3A8C-4C38-BBCC-9F661CBA54BB}.Release|Any CPU.Build.0 = Release|Any CPU
		{ECD44FF1-9869-4B31-A621-C53F9D7A2F4A}.Debug|Any CPU.ActiveCfg = Debug|Any CPU
		{ECD44FF1-9869-4B31-A621-C53F9D7A2F4A}.Debug|Any CPU.Build.0 = Debug|Any CPU
		{ECD44FF1-9869-4B31-A621-C53F9D7A2F4A}.Release|Any CPU.ActiveCfg = Release|Any CPU
		{ECD44FF1-9869-4B31-A621-C53F9D7A2F4A}.Release|Any CPU.Build.0 = Release|Any CPU
	EndGlobalSection
EndGlobal
